
Microsoft Visual Studio Solution File, Format Version 12.00
# Visual Studio Version 16
VisualStudioVersion = 16.0.31702.278
MinimumVisualStudioVersion = 10.0.40219.1
Project("{9A19103F-16F7-4668-BE54-9A1E7A4F7556}") = "Exos01", "Exos01\Exos01.csproj", "{D1BBE40D-40F5-4521-8AC3-CDB3F5DCBA3E}"
EndProject
Project("{9A19103F-16F7-4668-BE54-9A1E7A4F7556}") = "Exos02", "Exos02\Exos02.csproj", "{67904B59-7D2B-49F6-9F09-D08C2A38BDB5}"
EndProject
Project("{9A19103F-16F7-4668-BE54-9A1E7A4F7556}") = "Exos03", "Exos03\Exos03.csproj", "{433527D2-61FE-4AC2-8564-2B51F1F097B5}"
EndProject
Project("{9A19103F-16F7-4668-BE54-9A1E7A4F7556}") = "Exos04", "Exos04\Exos04.csproj", "{D13EA0BF-45BE-4D47-9B64-27202E371A35}"
EndProject
Project("{9A19103F-16F7-4668-BE54-9A1E7A4F7556}") = "Exos05", "Exos05\Exos05.csproj", "{BA36F632-D0B8-43BC-8280-01DE9E10A817}"
EndProject
Project("{9A19103F-16F7-4668-BE54-9A1E7A4F7556}") = "Exos08", "Exos08\Exos08.csproj", "{C70CB3DA-F466-4536-8854-CCC69EC69F8B}"
EndProject
Project("{9A19103F-16F7-4668-BE54-9A1E7A4F7556}") = "Exos09", "Exos09\Exos09.csproj", "{ADC5BBDB-6C86-4109-B498-A7ECB7C82E96}"
EndProject
Project("{FAE04EC0-301F-11D3-BF4B-00C04F79EFBC}") = "Exos11", "Exos11\Exos11.csproj", "{A56F6A14-DFBE-4822-ABE8-93A324163A30}"
EndProject
Project("{FAE04EC0-301F-11D3-BF4B-00C04F79EFBC}") = "Exos12", "Exos12\Exos12.csproj", "{7931521A-68F2-4B4E-AD54-B2B244958C1B}"
EndProject
Project("{FAE04EC0-301F-11D3-BF4B-00C04F79EFBC}") = "Exos15", "Exos15\Exos15.csproj", "{8E116743-7A67-4A31-9A2D-5DAD44D8FD04}"
EndProject
Project("{FAE04EC0-301F-11D3-BF4B-00C04F79EFBC}") = "DemoTryParse", "DemoTryParse\DemoTryParse.csproj", "{B85EC2FD-B35E-4285-A319-0FF407D29D62}"
EndProject
Project("{FAE04EC0-301F-11D3-BF4B-00C04F79EFBC}") = "Exos17", "Exos17\Exos17.csproj", "{9EC4775A-DD88-4CAF-898D-D564F4B25054}"
EndProject
Global
	GlobalSection(SolutionConfigurationPlatforms) = preSolution
		Debug|Any CPU = Debug|Any CPU
		Release|Any CPU = Release|Any CPU
	EndGlobalSection
	GlobalSection(ProjectConfigurationPlatforms) = postSolution
		{D1BBE40D-40F5-4521-8AC3-CDB3F5DCBA3E}.Debug|Any CPU.ActiveCfg = Debug|Any CPU
		{D1BBE40D-40F5-4521-8AC3-CDB3F5DCBA3E}.Debug|Any CPU.Build.0 = Debug|Any CPU
		{D1BBE40D-40F5-4521-8AC3-CDB3F5DCBA3E}.Release|Any CPU.ActiveCfg = Release|Any CPU
		{D1BBE40D-40F5-4521-8AC3-CDB3F5DCBA3E}.Release|Any CPU.Build.0 = Release|Any CPU
		{67904B59-7D2B-49F6-9F09-D08C2A38BDB5}.Debug|Any CPU.ActiveCfg = Debug|Any CPU
		{67904B59-7D2B-49F6-9F09-D08C2A38BDB5}.Debug|Any CPU.Build.0 = Debug|Any CPU
		{67904B59-7D2B-49F6-9F09-D08C2A38BDB5}.Release|Any CPU.ActiveCfg = Release|Any CPU
		{67904B59-7D2B-49F6-9F09-D08C2A38BDB5}.Release|Any CPU.Build.0 = Release|Any CPU
		{433527D2-61FE-4AC2-8564-2B51F1F097B5}.Debug|Any CPU.ActiveCfg = Debug|Any CPU
		{433527D2-61FE-4AC2-8564-2B51F1F097B5}.Debug|Any CPU.Build.0 = Debug|Any CPU
		{433527D2-61FE-4AC2-8564-2B51F1F097B5}.Release|Any CPU.ActiveCfg = Release|Any CPU
		{433527D2-61FE-4AC2-8564-2B51F1F097B5}.Release|Any CPU.Build.0 = Release|Any CPU
		{D13EA0BF-45BE-4D47-9B64-27202E371A35}.Debug|Any CPU.ActiveCfg = Debug|Any CPU
		{D13EA0BF-45BE-4D47-9B64-27202E371A35}.Debug|Any CPU.Build.0 = Debug|Any CPU
		{D13EA0BF-45BE-4D47-9B64-27202E371A35}.Release|Any CPU.ActiveCfg = Release|Any CPU
		{D13EA0BF-45BE-4D47-9B64-27202E371A35}.Release|Any CPU.Build.0 = Release|Any CPU
		{BA36F632-D0B8-43BC-8280-01DE9E10A817}.Debug|Any CPU.ActiveCfg = Debug|Any CPU
		{BA36F632-D0B8-43BC-8280-01DE9E10A817}.Debug|Any CPU.Build.0 = Debug|Any CPU
		{BA36F632-D0B8-43BC-8280-01DE9E10A817}.Release|Any CPU.ActiveCfg = Release|Any CPU
		{BA36F632-D0B8-43BC-8280-01DE9E10A817}.Release|Any CPU.Build.0 = Release|Any CPU
		{C70CB3DA-F466-4536-8854-CCC69EC69F8B}.Debug|Any CPU.ActiveCfg = Debug|Any CPU
		{C70CB3DA-F466-4536-8854-CCC69EC69F8B}.Debug|Any CPU.Build.0 = Debug|Any CPU
		{C70CB3DA-F466-4536-8854-CCC69EC69F8B}.Release|Any CPU.ActiveCfg = Release|Any CPU
		{C70CB3DA-F466-4536-8854-CCC69EC69F8B}.Release|Any CPU.Build.0 = Release|Any CPU
		{ADC5BBDB-6C86-4109-B498-A7ECB7C82E96}.Debug|Any CPU.ActiveCfg = Debug|Any CPU
		{ADC5BBDB-6C86-4109-B498-A7ECB7C82E96}.Debug|Any CPU.Build.0 = Debug|Any CPU
		{ADC5BBDB-6C86-4109-B498-A7ECB7C82E96}.Release|Any CPU.ActiveCfg = Release|Any CPU
		{ADC5BBDB-6C86-4109-B498-A7ECB7C82E96}.Release|Any CPU.Build.0 = Release|Any CPU
		{A56F6A14-DFBE-4822-ABE8-93A324163A30}.Debug|Any CPU.ActiveCfg = Debug|Any CPU
		{A56F6A14-DFBE-4822-ABE8-93A324163A30}.Debug|Any CPU.Build.0 = Debug|Any CPU
		{A56F6A14-DFBE-4822-ABE8-93A324163A30}.Release|Any CPU.ActiveCfg = Release|Any CPU
		{A56F6A14-DFBE-4822-ABE8-93A324163A30}.Release|Any CPU.Build.0 = Release|Any CPU
		{7931521A-68F2-4B4E-AD54-B2B244958C1B}.Debug|Any CPU.ActiveCfg = Debug|Any CPU
		{7931521A-68F2-4B4E-AD54-B2B244958C1B}.Debug|Any CPU.Build.0 = Debug|Any CPU
		{7931521A-68F2-4B4E-AD54-B2B244958C1B}.Release|Any CPU.ActiveCfg = Release|Any CPU
		{7931521A-68F2-4B4E-AD54-B2B244958C1B}.Release|Any CPU.Build.0 = Release|Any CPU
		{8E116743-7A67-4A31-9A2D-5DAD44D8FD04}.Debug|Any CPU.ActiveCfg = Debug|Any CPU
		{8E116743-7A67-4A31-9A2D-5DAD44D8FD04}.Debug|Any CPU.Build.0 = Debug|Any CPU
		{8E116743-7A67-4A31-9A2D-5DAD44D8FD04}.Release|Any CPU.ActiveCfg = Release|Any CPU
		{8E116743-7A67-4A31-9A2D-5DAD44D8FD04}.Release|Any CPU.Build.0 = Release|Any CPU
		{B85EC2FD-B35E-4285-A319-0FF407D29D62}.Debug|Any CPU.ActiveCfg = Debug|Any CPU
		{B85EC2FD-B35E-4285-A319-0FF407D29D62}.Debug|Any CPU.Build.0 = Debug|Any CPU
		{B85EC2FD-B35E-4285-A319-0FF407D29D62}.Release|Any CPU.ActiveCfg = Release|Any CPU
		{B85EC2FD-B35E-4285-A319-0FF407D29D62}.Release|Any CPU.Build.0 = Release|Any CPU
		{9EC4775A-DD88-4CAF-898D-D564F4B25054}.Debug|Any CPU.ActiveCfg = Debug|Any CPU
		{9EC4775A-DD88-4CAF-898D-D564F4B25054}.Debug|Any CPU.Build.0 = Debug|Any CPU
		{9EC4775A-DD88-4CAF-898D-D564F4B25054}.Release|Any CPU.ActiveCfg = Release|Any CPU
		{9EC4775A-DD88-4CAF-898D-D564F4B25054}.Release|Any CPU.Build.0 = Release|Any CPU
	EndGlobalSection
	GlobalSection(SolutionProperties) = preSolution
		HideSolutionNode = FALSE
	EndGlobalSection
	GlobalSection(ExtensibilityGlobals) = postSolution
		SolutionGuid = {53DFF32A-2582-439D-B50E-270C08F509D7}
	EndGlobalSection
EndGlobal
